
Microsoft Visual Studio Solution File, Format Version 12.00
# Visual Studio Version 17
VisualStudioVersion = 17.14.36414.22 d17.14
MinimumVisualStudioVersion = 10.0.40219.1
Project("{FAE04EC0-301F-11D3-BF4B-00C04F79EFBC}") = "advancedRenamer", "advancedRenamer.csproj", "{C9C6524E-1EC4-46F9-A1EB-52D5C282D2F4}"
EndProject
Global
	GlobalSection(SolutionConfigurationPlatforms) = preSolution
		Debug|Any CPU = Debug|Any CPU
		Release|Any CPU = Release|Any CPU
	EndGlobalSection
	GlobalSection(ProjectConfigurationPlatforms) = postSolution
		{C9C6524E-1EC4-46F9-A1EB-52D5C282D2F4}.Debug|Any CPU.ActiveCfg = Debug|Any CPU
		{C9C6524E-1EC4-46F9-A1EB-52D5C282D2F4}.Debug|Any CPU.Build.0 = Debug|Any CPU
		{C9C6524E-1EC4-46F9-A1EB-52D5C282D2F4}.Release|Any CPU.ActiveCfg = Release|Any CPU
		{C9C6524E-1EC4-46F9-A1EB-52D5C282D2F4}.Release|Any CPU.Build.0 = Release|Any CPU
	EndGlobalSection
	GlobalSection(SolutionProperties) = preSolution
		HideSolutionNode = FALSE
	EndGlobalSection
	GlobalSection(ExtensibilityGlobals) = postSolution
		SolutionGuid = {E63A3FD2-AFA9-465D-9E79-32E0482BDF81}
	EndGlobalSection
EndGlobal
